// !$*UTF8*$!
{
	archiveVersion = 1;
	classes = {
	};
	objectVersion = 50;
	objects = {

/* Begin PBXBuildFile section */
		4BACF8E92383BD4D005EC5E3 /* AppDelegate.swift in Sources */ = {isa = PBXBuildFile; fileRef = 4BACF8E82383BD4D005EC5E3 /* AppDelegate.swift */; };
		4BACF8EB2383BD4D005EC5E3 /* ViewController.swift in Sources */ = {isa = PBXBuildFile; fileRef = 4BACF8EA2383BD4D005EC5E3 /* ViewController.swift */; };
		4BACF8EE2383BD4D005EC5E3 /* Main.storyboard in Resources */ = {isa = PBXBuildFile; fileRef = 4BACF8EC2383BD4D005EC5E3 /* Main.storyboard */; };
		4BACF8F02383BD53005EC5E3 /* Assets.xcassets in Resources */ = {isa = PBXBuildFile; fileRef = 4BACF8EF2383BD53005EC5E3 /* Assets.xcassets */; };
		4BACF8F32383BD53005EC5E3 /* LaunchScreen.storyboard in Resources */ = {isa = PBXBuildFile; fileRef = 4BACF8F12383BD53005EC5E3 /* LaunchScreen.storyboard */; };
		4BACF8FE2383BD53005EC5E3 /* mapTrialTests.swift in Sources */ = {isa = PBXBuildFile; fileRef = 4BACF8FD2383BD53005EC5E3 /* mapTrialTests.swift */; };
		4BACF9092383BD53005EC5E3 /* mapTrialUITests.swift in Sources */ = {isa = PBXBuildFile; fileRef = 4BACF9082383BD53005EC5E3 /* mapTrialUITests.swift */; };
/* End PBXBuildFile section */

/* Begin PBXContainerItemProxy section */
		4BACF8FA2383BD53005EC5E3 /* PBXContainerItemProxy */ = {
			isa = PBXContainerItemProxy;
			containerPortal = 4BACF8DD2383BD4D005EC5E3 /* Project object */;
			proxyType = 1;
			remoteGlobalIDString = 4BACF8E42383BD4D005EC5E3;
			remoteInfo = mapTrial;
		};
		4BACF9052383BD53005EC5E3 /* PBXContainerItemProxy */ = {
			isa = PBXContainerItemProxy;
			containerPortal = 4BACF8DD2383BD4D005EC5E3 /* Project object */;
			proxyType = 1;
			remoteGlobalIDString = 4BACF8E42383BD4D005EC5E3;
			remoteInfo = mapTrial;
		};
/* End PBXContainerItemProxy section */

/* Begin PBXFileReference section */
		4BACF8E52383BD4D005EC5E3 /* mapTrial.app */ = {isa = PBXFileReference; explicitFileType = wrapper.application; includeInIndex = 0; path = mapTrial.app; sourceTree = BUILT_PRODUCTS_DIR; };
		4BACF8E82383BD4D005EC5E3 /* AppDelegate.swift */ = {isa = PBXFileReference; lastKnownFileType = sourcecode.swift; path = AppDelegate.swift; sourceTree = "<group>"; };
		4BACF8EA2383BD4D005EC5E3 /* ViewController.swift */ = {isa = PBXFileReference; lastKnownFileType = sourcecode.swift; path = ViewController.swift; sourceTree = "<group>"; };
		4BACF8ED2383BD4D005EC5E3 /* Base */ = {isa = PBXFileReference; lastKnownFileType = file.storyboard; name = Base; path = Base.lproj/Main.storyboard; sourceTree = "<group>"; };
		4BACF8EF2383BD53005EC5E3 /* Assets.xcassets */ = {isa = PBXFileReference; lastKnownFileType = folder.assetcatalog; path = Assets.xcassets; sourceTree = "<group>"; };
		4BACF8F22383BD53005EC5E3 /* Base */ = {isa = PBXFileReference; lastKnownFileType = file.storyboard; name = Base; path = Base.lproj/LaunchScreen.storyboard; sourceTree = "<group>"; };
		4BACF8F42383BD53005EC5E3 /* Info.plist */ = {isa = PBXFileReference; lastKnownFileType = text.plist.xml; path = Info.plist; sourceTree = "<group>"; };
		4BACF8F92383BD53005EC5E3 /* mapTrialTests.xctest */ = {isa = PBXFileReference; explicitFileType = wrapper.cfbundle; includeInIndex = 0; path = mapTrialTests.xctest; sourceTree = BUILT_PRODUCTS_DIR; };
		4BACF8FD2383BD53005EC5E3 /* mapTrialTests.swift */ = {isa = PBXFileReference; lastKnownFileType = sourcecode.swift; path = mapTrialTests.swift; sourceTree = "<group>"; };
		4BACF8FF2383BD53005EC5E3 /* Info.plist */ = {isa = PBXFileReference; lastKnownFileType = text.plist.xml; path = Info.plist; sourceTree = "<group>"; };
		4BACF9042383BD53005EC5E3 /* mapTrialUITests.xctest */ = {isa = PBXFileReference; explicitFileType = wrapper.cfbundle; includeInIndex = 0; path = mapTrialUITests.xctest; sourceTree = BUILT_PRODUCTS_DIR; };
		4BACF9082383BD53005EC5E3 /* mapTrialUITests.swift */ = {isa = PBXFileReference; lastKnownFileType = sourcecode.swift; path = mapTrialUITests.swift; sourceTree = "<group>"; };
		4BACF90A2383BD53005EC5E3 /* Info.plist */ = {isa = PBXFileReference; lastKnownFileType = text.plist.xml; path = Info.plist; sourceTree = "<group>"; };
/* End PBXFileReference section */

/* Begin PBXFrameworksBuildPhase section */
		4BACF8E22383BD4D005EC5E3 /* Frameworks */ = {
			isa = PBXFrameworksBuildPhase;
			buildActionMask = 2147483647;
			files = (
			);
			runOnlyForDeploymentPostprocessing = 0;
		};
		4BACF8F62383BD53005EC5E3 /* Frameworks */ = {
			isa = PBXFrameworksBuildPhase;
			buildActionMask = 2147483647;
			files = (
			);
			runOnlyForDeploymentPostprocessing = 0;
		};
		4BACF9012383BD53005EC5E3 /* Frameworks */ = {
			isa = PBXFrameworksBuildPhase;
			buildActionMask = 2147483647;
			files = (
			);
			runOnlyForDeploymentPostprocessing = 0;
		};
/* End PBXFrameworksBuildPhase section */

/* Begin PBXGroup section */
		4BACF8DC2383BD4D005EC5E3 = {
			isa = PBXGroup;
			children = (
				4BACF8E72383BD4D005EC5E3 /* mapTrial */,
				4BACF8FC2383BD53005EC5E3 /* mapTrialTests */,
				4BACF9072383BD53005EC5E3 /* mapTrialUITests */,
				4BACF8E62383BD4D005EC5E3 /* Products */,
			);
			sourceTree = "<group>";
		};
		4BACF8E62383BD4D005EC5E3 /* Products */ = {
			isa = PBXGroup;
			children = (
				4BACF8E52383BD4D005EC5E3 /* mapTrial.app */,
				4BACF8F92383BD53005EC5E3 /* mapTrialTests.xctest */,
				4BACF9042383BD53005EC5E3 /* mapTrialUITests.xctest */,
			);
			name = Products;
			sourceTree = "<group>";
		};
		4BACF8E72383BD4D005EC5E3 /* mapTrial */ = {
			isa = PBXGroup;
			children = (
				4BACF8E82383BD4D005EC5E3 /* AppDelegate.swift */,
				4BACF8EA2383BD4D005EC5E3 /* ViewController.swift */,
				4BACF8EC2383BD4D005EC5E3 /* Main.storyboard */,
				4BACF8EF2383BD53005EC5E3 /* Assets.xcassets */,
				4BACF8F12383BD53005EC5E3 /* LaunchScreen.storyboard */,
				4BACF8F42383BD53005EC5E3 /* Info.plist */,
			);
			path = mapTrial;
			sourceTree = "<group>";
		};
		4BACF8FC2383BD53005EC5E3 /* mapTrialTests */ = {
			isa = PBXGroup;
			children = (
				4BACF8FD2383BD53005EC5E3 /* mapTrialTests.swift */,
				4BACF8FF2383BD53005EC5E3 /* Info.plist */,
			);
			path = mapTrialTests;
			sourceTree = "<group>";
		};
		4BACF9072383BD53005EC5E3 /* mapTrialUITests */ = {
			isa = PBXGroup;
			children = (
				4BACF9082383BD53005EC5E3 /* mapTrialUITests.swift */,
				4BACF90A2383BD53005EC5E3 /* Info.plist */,
			);
			path = mapTrialUITests;
			sourceTree = "<group>";
		};
/* End PBXGroup section */

/* Begin PBXNativeTarget section */
		4BACF8E42383BD4D005EC5E3 /* mapTrial */ = {
			isa = PBXNativeTarget;
			buildConfigurationList = 4BACF90D2383BD53005EC5E3 /* Build configuration list for PBXNativeTarget "mapTrial" */;
			buildPhases = (
				4BACF8E12383BD4D005EC5E3 /* Sources */,
				4BACF8E22383BD4D005EC5E3 /* Frameworks */,
				4BACF8E32383BD4D005EC5E3 /* Resources */,
			);
			buildRules = (
			);
			dependencies = (
			);
			name = mapTrial;
			productName = mapTrial;
			productReference = 4BACF8E52383BD4D005EC5E3 /* mapTrial.app */;
			productType = "com.apple.product-type.application";
		};
		4BACF8F82383BD53005EC5E3 /* mapTrialTests */ = {
			isa = PBXNativeTarget;
			buildConfigurationList = 4BACF9102383BD53005EC5E3 /* Build configuration list for PBXNativeTarget "mapTrialTests" */;
			buildPhases = (
				4BACF8F52383BD53005EC5E3 /* Sources */,
				4BACF8F62383BD53005EC5E3 /* Frameworks */,
				4BACF8F72383BD53005EC5E3 /* Resources */,
			);
			buildRules = (
			);
			dependencies = (
				4BACF8FB2383BD53005EC5E3 /* PBXTargetDependency */,
			);
			name = mapTrialTests;
			productName = mapTrialTests;
			productReference = 4BACF8F92383BD53005EC5E3 /* mapTrialTests.xctest */;
			productType = "com.apple.product-type.bundle.unit-test";
		};
		4BACF9032383BD53005EC5E3 /* mapTrialUITests */ = {
			isa = PBXNativeTarget;
			buildConfigurationList = 4BACF9132383BD53005EC5E3 /* Build configuration list for PBXNativeTarget "mapTrialUITests" */;
			buildPhases = (
				4BACF9002383BD53005EC5E3 /* Sources */,
				4BACF9012383BD53005EC5E3 /* Frameworks */,
				4BACF9022383BD53005EC5E3 /* Resources */,
			);
			buildRules = (
			);
			dependencies = (
				4BACF9062383BD53005EC5E3 /* PBXTargetDependency */,
			);
			name = mapTrialUITests;
			productName = mapTrialUITests;
			productReference = 4BACF9042383BD53005EC5E3 /* mapTrialUITests.xctest */;
			productType = "com.apple.product-type.bundle.ui-testing";
		};
/* End PBXNativeTarget section */

/* Begin PBXProject section */
		4BACF8DD2383BD4D005EC5E3 /* Project object */ = {
			isa = PBXProject;
			attributes = {
				LastSwiftUpdateCheck = 1030;
				LastUpgradeCheck = 1030;
				ORGANIZATIONNAME = Mahedi;
				TargetAttributes = {
					4BACF8E42383BD4D005EC5E3 = {
						CreatedOnToolsVersion = 10.3;
					};
					4BACF8F82383BD53005EC5E3 = {
						CreatedOnToolsVersion = 10.3;
						TestTargetID = 4BACF8E42383BD4D005EC5E3;
					};
					4BACF9032383BD53005EC5E3 = {
						CreatedOnToolsVersion = 10.3;
						TestTargetID = 4BACF8E42383BD4D005EC5E3;
					};
				};
			};
			buildConfigurationList = 4BACF8E02383BD4D005EC5E3 /* Build configuration list for PBXProject "mapTrial" */;
			compatibilityVersion = "Xcode 9.3";
			developmentRegion = en;
			hasScannedForEncodings = 0;
			knownRegions = (
				en,
				Base,
			);
			mainGroup = 4BACF8DC2383BD4D005EC5E3;
			productRefGroup = 4BACF8E62383BD4D005EC5E3 /* Products */;
			projectDirPath = "";
			projectRoot = "";
			targets = (
				4BACF8E42383BD4D005EC5E3 /* mapTrial */,
				4BACF8F82383BD53005EC5E3 /* mapTrialTests */,
				4BACF9032383BD53005EC5E3 /* mapTrialUITests */,
			);
		};
/* End PBXProject section */

/* Begin PBXResourcesBuildPhase section */
		4BACF8E32383BD4D005EC5E3 /* Resources */ = {
			isa = PBXResourcesBuildPhase;
			buildActionMask = 2147483647;
			files = (
				4BACF8F32383BD53005EC5E3 /* LaunchScreen.storyboard in Resources */,
				4BACF8F02383BD53005EC5E3 /* Assets.xcassets in Resources */,
				4BACF8EE2383BD4D005EC5E3 /* Main.storyboard in Resources */,
			);
			runOnlyForDeploymentPostprocessing = 0;
		};
		4BACF8F72383BD53005EC5E3 /* Resources */ = {
			isa = PBXResourcesBuildPhase;
			buildActionMask = 2147483647;
			files = (
			);
			runOnlyForDeploymentPostprocessing = 0;
		};
		4BACF9022383BD53005EC5E3 /* Resources */ = {
			isa = PBXResourcesBuildPhase;
			buildActionMask = 2147483647;
			files = (
			);
			runOnlyForDeploymentPostprocessing = 0;
		};
/* End PBXResourcesBuildPhase section */

/* Begin PBXSourcesBuildPhase section */
		4BACF8E12383BD4D005EC5E3 /* Sources */ = {
			isa = PBXSourcesBuildPhase;
			buildActionMask = 2147483647;
			files = (
				4BACF8EB2383BD4D005EC5E3 /* ViewController.swift in Sources */,
				4BACF8E92383BD4D005EC5E3 /* AppDelegate.swift in Sources */,
			);
			runOnlyForDeploymentPostprocessing = 0;
		};
		4BACF8F52383BD53005EC5E3 /* Sources */ = {
			isa = PBXSourcesBuildPhase;
			buildActionMask = 2147483647;
			files = (
				4BACF8FE2383BD53005EC5E3 /* mapTrialTests.swift in Sources */,
			);
			runOnlyForDeploymentPostprocessing = 0;
		};
		4BACF9002383BD53005EC5E3 /* Sources */ = {
			isa = PBXSourcesBuildPhase;
			buildActionMask = 2147483647;
			files = (
				4BACF9092383BD53005EC5E3 /* mapTrialUITests.swift in Sources */,
			);
			runOnlyForDeploymentPostprocessing = 0;
		};
/* End PBXSourcesBuildPhase section */

/* Begin PBXTargetDependency section */
		4BACF8FB2383BD53005EC5E3 /* PBXTargetDependency */ = {
			isa = PBXTargetDependency;
			target = 4BACF8E42383BD4D005EC5E3 /* mapTrial */;
			targetProxy = 4BACF8FA2383BD53005EC5E3 /* PBXContainerItemProxy */;
		};
		4BACF9062383BD53005EC5E3 /* PBXTargetDependency */ = {
			isa = PBXTargetDependency;
			target = 4BACF8E42383BD4D005EC5E3 /* mapTrial */;
			targetProxy = 4BACF9052383BD53005EC5E3 /* PBXContainerItemProxy */;
		};
/* End PBXTargetDependency section */

/* Begin PBXVariantGroup section */
		4BACF8EC2383BD4D005EC5E3 /* Main.storyboard */ = {
			isa = PBXVariantGroup;
			children = (
				4BACF8ED2383BD4D005EC5E3 /* Base */,
			);
			name = Main.storyboard;
			sourceTree = "<group>";
		};
		4BACF8F12383BD53005EC5E3 /* LaunchScreen.storyboard */ = {
			isa = PBXVariantGroup;
			children = (
				4BACF8F22383BD53005EC5E3 /* Base */,
			);
			name = LaunchScreen.storyboard;
			sourceTree = "<group>";
		};
/* End PBXVariantGroup section */

/* Begin XCBuildConfiguration section */
		4BACF90B2383BD53005EC5E3 /* Debug */ = {
			isa = XCBuildConfiguration;
			buildSettings = {
				ALWAYS_SEARCH_USER_PATHS = NO;
				CLANG_ANALYZER_NONNULL = YES;
				CLANG_ANALYZER_NUMBER_OBJECT_CONVERSION = YES_AGGRESSIVE;
				CLANG_CXX_LANGUAGE_STANDARD = "gnu++14";
				CLANG_CXX_LIBRARY = "libc++";
				CLANG_ENABLE_MODULES = YES;
				CLANG_ENABLE_OBJC_ARC = YES;
				CLANG_ENABLE_OBJC_WEAK = YES;
				CLANG_WARN_BLOCK_CAPTURE_AUTORELEASING = YES;
				CLANG_WARN_BOOL_CONVERSION = YES;
				CLANG_WARN_COMMA = YES;
				CLANG_WARN_CONSTANT_CONVERSION = YES;
				CLANG_WARN_DEPRECATED_OBJC_IMPLEMENTATIONS = YES;
				CLANG_WARN_DIRECT_OBJC_ISA_USAGE = YES_ERROR;
				CLANG_WARN_DOCUMENTATION_COMMENTS = YES;
				CLANG_WARN_EMPTY_BODY = YES;
				CLANG_WARN_ENUM_CONVERSION = YES;
				CLANG_WARN_INFINITE_RECURSION = YES;
				CLANG_WARN_INT_CONVERSION = YES;
				CLANG_WARN_NON_LITERAL_NULL_CONVERSION = YES;
				CLANG_WARN_OBJC_IMPLICIT_RETAIN_SELF = YES;
				CLANG_WARN_OBJC_LITERAL_CONVERSION = YES;
				CLANG_WARN_OBJC_ROOT_CLASS = YES_ERROR;
				CLANG_WARN_RANGE_LOOP_ANALYSIS = YES;
				CLANG_WARN_STRICT_PROTOTYPES = YES;
				CLANG_WARN_SUSPICIOUS_MOVE = YES;
				CLANG_WARN_UNGUARDED_AVAILABILITY = YES_AGGRESSIVE;
				CLANG_WARN_UNREACHABLE_CODE = YES;
				CLANG_WARN__DUPLICATE_METHOD_MATCH = YES;
				CODE_SIGN_IDENTITY = "iPhone Developer";
				COPY_PHASE_STRIP = NO;
				DEBUG_INFORMATION_FORMAT = dwarf;
				ENABLE_STRICT_OBJC_MSGSEND = YES;
				ENABLE_TESTABILITY = YES;
				GCC_C_LANGUAGE_STANDARD = gnu11;
				GCC_DYNAMIC_NO_PIC = NO;
				GCC_NO_COMMON_BLOCKS = YES;
				GCC_OPTIMIZATION_LEVEL = 0;
				GCC_PREPROCESSOR_DEFINITIONS = (
					"DEBUG=1",
					"$(inherited)",
				);
				GCC_WARN_64_TO_32_BIT_CONVERSION = YES;
				GCC_WARN_ABOUT_RETURN_TYPE = YES_ERROR;
				GCC_WARN_UNDECLARED_SELECTOR = YES;
				GCC_WARN_UNINITIALIZED_AUTOS = YES_AGGRESSIVE;
				GCC_WARN_UNUSED_FUNCTION = YES;
				GCC_WARN_UNUSED_VARIABLE = YES;
				IPHONEOS_DEPLOYMENT_TARGET = 12.4;
				MTL_ENABLE_DEBUG_INFO = INCLUDE_SOURCE;
				MTL_FAST_MATH = YES;
				ONLY_ACTIVE_ARCH = YES;
				SDKROOT = iphoneos;
				SWIFT_ACTIVE_COMPILATION_CONDITIONS = DEBUG;
				SWIFT_OPTIMIZATION_LEVEL = "-Onone";
			};
			name = Debug;
		};
		4BACF90C2383BD53005EC5E3 /* Release */ = {
			isa = XCBuildConfiguration;
			buildSettings = {
				ALWAYS_SEARCH_USER_PATHS = NO;
				CLANG_ANALYZER_NONNULL = YES;
				CLANG_ANALYZER_NUMBER_OBJECT_CONVERSION = YES_AGGRESSIVE;
				CLANG_CXX_LANGUAGE_STANDARD = "gnu++14";
				CLANG_CXX_LIBRARY = "libc++";
				CLANG_ENABLE_MODULES = YES;
				CLANG_ENABLE_OBJC_ARC = YES;
				CLANG_ENABLE_OBJC_WEAK = YES;
				CLANG_WARN_BLOCK_CAPTURE_AUTORELEASING = YES;
				CLANG_WARN_BOOL_CONVERSION = YES;
				CLANG_WARN_COMMA = YES;
				CLANG_WARN_CONSTANT_CONVERSION = YES;
				CLANG_WARN_DEPRECATED_OBJC_IMPLEMENTATIONS = YES;
				CLANG_WARN_DIRECT_OBJC_ISA_USAGE = YES_ERROR;
				CLANG_WARN_DOCUMENTATION_COMMENTS = YES;
				CLANG_WARN_EMPTY_BODY = YES;
				CLANG_WARN_ENUM_CONVERSION = YES;
				CLANG_WARN_INFINITE_RECURSION = YES;
				CLANG_WARN_INT_CONVERSION = YES;
				CLANG_WARN_NON_LITERAL_NULL_CONVERSION = YES;
				CLANG_WARN_OBJC_IMPLICIT_RETAIN_SELF = YES;
				CLANG_WARN_OBJC_LITERAL_CONVERSION = YES;
				CLANG_WARN_OBJC_ROOT_CLASS = YES_ERROR;
				CLANG_WARN_RANGE_LOOP_ANALYSIS = YES;
				CLANG_WARN_STRICT_PROTOTYPES = YES;
				CLANG_WARN_SUSPICIOUS_MOVE = YES;
				CLANG_WARN_UNGUARDED_AVAILABILITY = YES_AGGRESSIVE;
				CLANG_WARN_UNREACHABLE_CODE = YES;
				CLANG_WARN__DUPLICATE_METHOD_MATCH = YES;
				CODE_SIGN_IDENTITY = "iPhone Developer";
				COPY_PHASE_STRIP = NO;
				DEBUG_INFORMATION_FORMAT = "dwarf-with-dsym";
				ENABLE_NS_ASSERTIONS = NO;
				ENABLE_STRICT_OBJC_MSGSEND = YES;
				GCC_C_LANGUAGE_STANDARD = gnu11;
				GCC_NO_COMMON_BLOCKS = YES;
				GCC_WARN_64_TO_32_BIT_CONVERSION = YES;
				GCC_WARN_ABOUT_RETURN_TYPE = YES_ERROR;
				GCC_WARN_UNDECLARED_SELECTOR = YES;
				GCC_WARN_UNINITIALIZED_AUTOS = YES_AGGRESSIVE;
				GCC_WARN_UNUSED_FUNCTION = YES;
				GCC_WARN_UNUSED_VARIABLE = YES;
				IPHONEOS_DEPLOYMENT_TARGET = 12.4;
				MTL_ENABLE_DEBUG_INFO = NO;
				MTL_FAST_MATH = YES;
				SDKROOT = iphoneos;
				SWIFT_COMPILATION_MODE = wholemodule;
				SWIFT_OPTIMIZATION_LEVEL = "-O";
				VALIDATE_PRODUCT = YES;
			};
			name = Release;
		};
		4BACF90E2383BD53005EC5E3 /* Debug */ = {
			isa = XCBuildConfiguration;
			buildSettings = {
				ASSETCATALOG_COMPILER_APPICON_NAME = AppIcon;
				CODE_SIGN_STYLE = Automatic;
				INFOPLIST_FILE = mapTrial/Info.plist;
				LD_RUNPATH_SEARCH_PATHS = (
					"$(inherited)",
					"@executable_path/Frameworks",
				);
				PRODUCT_BUNDLE_IDENTIFIER = com.mahedi.mapTrial;
				PRODUCT_NAME = "$(TARGET_NAME)";
				SWIFT_VERSION = 5.0;
				TARGETED_DEVICE_FAMILY = "1,2";
			};
			name = Debug;
		};
		4BACF90F2383BD53005EC5E3 /* Release */ = {
			isa = XCBuildConfiguration;
			buildSettings = {
				ASSETCATALOG_COMPILER_APPICON_NAME = AppIcon;
				CODE_SIGN_STYLE = Automatic;
				INFOPLIST_FILE = mapTrial/Info.plist;
				LD_RUNPATH_SEARCH_PATHS = (
					"$(inherited)",
					"@executable_path/Frameworks",
				);
				PRODUCT_BUNDLE_IDENTIFIER = com.mahedi.mapTrial;
				PRODUCT_NAME = "$(TARGET_NAME)";
				SWIFT_VERSION = 5.0;
				TARGETED_DEVICE_FAMILY = "1,2";
			};
			name = Release;
		};
		4BACF9112383BD53005EC5E3 /* Debug */ = {
			isa = XCBuildConfiguration;
			buildSettings = {
				ALWAYS_EMBED_SWIFT_STANDARD_LIBRARIES = YES;
				BUNDLE_LOADER = "$(TEST_HOST)";
				CODE_SIGN_STYLE = Automatic;
				INFOPLIST_FILE = mapTrialTests/Info.plist;
				LD_RUNPATH_SEARCH_PATHS = (
					"$(inherited)",
					"@executable_path/Frameworks",
					"@loader_path/Frameworks",
				);
				PRODUCT_BUNDLE_IDENTIFIER = com.mahedi.mapTrialTests;
				PRODUCT_NAME = "$(TARGET_NAME)";
				SWIFT_VERSION = 5.0;
				TARGETED_DEVICE_FAMILY = "1,2";
				TEST_HOST = "$(BUILT_PRODUCTS_DIR)/mapTrial.app/mapTrial";
			};
			name = Debug;
		};
		4BACF9122383BD53005EC5E3 /* Release */ = {
			isa = XCBuildConfiguration;
			buildSettings = {
				ALWAYS_EMBED_SWIFT_STANDARD_LIBRARIES = YES;
				BUNDLE_LOADER = "$(TEST_HOST)";
				CODE_SIGN_STYLE = Automatic;
				INFOPLIST_FILE = mapTrialTests/Info.plist;
				LD_RUNPATH_SEARCH_PATHS = (
					"$(inherited)",
					"@executable_path/Frameworks",
					"@loader_path/Frameworks",
				);
				PRODUCT_BUNDLE_IDENTIFIER = com.mahedi.mapTrialTests;
				PRODUCT_NAME = "$(TARGET_NAME)";
				SWIFT_VERSION = 5.0;
				TARGETED_DEVICE_FAMILY = "1,2";
				TEST_HOST = "$(BUILT_PRODUCTS_DIR)/mapTrial.app/mapTrial";
			};
			name = Release;
		};
		4BACF9142383BD53005EC5E3 /* Debug */ = {
			isa = XCBuildConfiguration;
			buildSettings = {
				ALWAYS_EMBED_SWIFT_STANDARD_LIBRARIES = YES;
				CODE_SIGN_STYLE = Automatic;
				INFOPLIST_FILE = mapTrialUITests/Info.plist;
				LD_RUNPATH_SEARCH_PATHS = (
					"$(inherited)",
					"@executable_path/Frameworks",
					"@loader_path/Frameworks",
				);
				PRODUCT_BUNDLE_IDENTIFIER = com.mahedi.mapTrialUITests;
				PRODUCT_NAME = "$(TARGET_NAME)";
				SWIFT_VERSION = 5.0;
				TARGETED_DEVICE_FAMILY = "1,2";
				TEST_TARGET_NAME = mapTrial;
			};
			name = Debug;
		};
		4BACF9152383BD53005EC5E3 /* Release */ = {
			isa = XCBuildConfiguration;
			buildSettings = {
				ALWAYS_EMBED_SWIFT_STANDARD_LIBRARIES = YES;
				CODE_SIGN_STYLE = Automatic;
				INFOPLIST_FILE = mapTrialUITests/Info.plist;
				LD_RUNPATH_SEARCH_PATHS = (
					"$(inherited)",
					"@executable_path/Frameworks",
					"@loader_path/Frameworks",
				);
				PRODUCT_BUNDLE_IDENTIFIER = com.mahedi.mapTrialUITests;
				PRODUCT_NAME = "$(TARGET_NAME)";
				SWIFT_VERSION = 5.0;
				TARGETED_DEVICE_FAMILY = "1,2";
				TEST_TARGET_NAME = mapTrial;
			};
			name = Release;
		};
/* End XCBuildConfiguration section */

/* Begin XCConfigurationList section */
		4BACF8E02383BD4D005EC5E3 /* Build configuration list for PBXProject "mapTrial" */ = {
			isa = XCConfigurationList;
			buildConfigurations = (
				4BACF90B2383BD53005EC5E3 /* Debug */,
				4BACF90C2383BD53005EC5E3 /* Release */,
			);
			defaultConfigurationIsVisible = 0;
			defaultConfigurationName = Release;
		};
		4BACF90D2383BD53005EC5E3 /* Build configuration list for PBXNativeTarget "mapTrial" */ = {
			isa = XCConfigurationList;
			buildConfigurations = (
				4BACF90E2383BD53005EC5E3 /* Debug */,
				4BACF90F2383BD53005EC5E3 /* Release */,
			);
			defaultConfigurationIsVisible = 0;
			defaultConfigurationName = Release;
		};
		4BACF9102383BD53005EC5E3 /* Build configuration list for PBXNativeTarget "mapTrialTests" */ = {
			isa = XCConfigurationList;
			buildConfigurations = (
				4BACF9112383BD53005EC5E3 /* Debug */,
				4BACF9122383BD53005EC5E3 /* Release */,
			);
			defaultConfigurationIsVisible = 0;
			defaultConfigurationName = Release;
		};
		4BACF9132383BD53005EC5E3 /* Build configuration list for PBXNativeTarget "mapTrialUITests" */ = {
			isa = XCConfigurationList;
			buildConfigurations = (
				4BACF9142383BD53005EC5E3 /* Debug */,
				4BACF9152383BD53005EC5E3 /* Release */,
			);
			defaultConfigurationIsVisible = 0;
			defaultConfigurationName = Release;
		};
/* End XCConfigurationList section */
	};
	rootObject = 4BACF8DD2383BD4D005EC5E3 /* Project object */;
}
